// !$*UTF8*$!
{
	archiveVersion = 1;
	classes = {
	};
	objectVersion = 56;
	objects = {

/* Begin PBXBuildFile section */
		FB2CCF812B76D6630081E9C3 /* AppDelegate.swift in Sources */ = {isa = PBXBuildFile; fileRef = FB2CCF802B76D6630081E9C3 /* AppDelegate.swift */; };
		FB2CCF832B76D6630081E9C3 /* SceneDelegate.swift in Sources */ = {isa = PBXBuildFile; fileRef = FB2CCF822B76D6630081E9C3 /* SceneDelegate.swift */; };
		FB2CCF852B76D6630081E9C3 /* ViewController.swift in Sources */ = {isa = PBXBuildFile; fileRef = FB2CCF842B76D6630081E9C3 /* ViewController.swift */; };
		FB2CCF882B76D6630081E9C3 /* Main.storyboard in Resources */ = {isa = PBXBuildFile; fileRef = FB2CCF862B76D6630081E9C3 /* Main.storyboard */; };
		FB2CCF8B2B76D6630081E9C3 /* _857176_act3_real.xcdatamodeld in Sources */ = {isa = PBXBuildFile; fileRef = FB2CCF892B76D6630081E9C3 /* _857176_act3_real.xcdatamodeld */; };
		FB2CCF8D2B76D6640081E9C3 /* Assets.xcassets in Resources */ = {isa = PBXBuildFile; fileRef = FB2CCF8C2B76D6640081E9C3 /* Assets.xcassets */; };
		FB2CCF902B76D6640081E9C3 /* LaunchScreen.storyboard in Resources */ = {isa = PBXBuildFile; fileRef = FB2CCF8E2B76D6640081E9C3 /* LaunchScreen.storyboard */; };
		FB2CCF9B2B76D6650081E9C3 /* _857176_act3_realTests.swift in Sources */ = {isa = PBXBuildFile; fileRef = FB2CCF9A2B76D6650081E9C3 /* _857176_act3_realTests.swift */; };
		FB2CCFA52B76D6650081E9C3 /* _857176_act3_realUITests.swift in Sources */ = {isa = PBXBuildFile; fileRef = FB2CCFA42B76D6650081E9C3 /* _857176_act3_realUITests.swift */; };
		FB2CCFA72B76D6650081E9C3 /* _857176_act3_realUITestsLaunchTests.swift in Sources */ = {isa = PBXBuildFile; fileRef = FB2CCFA62B76D6650081E9C3 /* _857176_act3_realUITestsLaunchTests.swift */; };
/* End PBXBuildFile section */

/* Begin PBXContainerItemProxy section */
		FB2CCF972B76D6650081E9C3 /* PBXContainerItemProxy */ = {
			isa = PBXContainerItemProxy;
			containerPortal = FB2CCF752B76D6630081E9C3 /* Project object */;
			proxyType = 1;
			remoteGlobalIDString = FB2CCF7C2B76D6630081E9C3;
			remoteInfo = 2857176_act3_real;
		};
		FB2CCFA12B76D6650081E9C3 /* PBXContainerItemProxy */ = {
			isa = PBXContainerItemProxy;
			containerPortal = FB2CCF752B76D6630081E9C3 /* Project object */;
			proxyType = 1;
			remoteGlobalIDString = FB2CCF7C2B76D6630081E9C3;
			remoteInfo = 2857176_act3_real;
		};
/* End PBXContainerItemProxy section */

/* Begin PBXFileReference section */
		FB2CCF7D2B76D6630081E9C3 /* 2857176_act3_real.app */ = {isa = PBXFileReference; explicitFileType = wrapper.application; includeInIndex = 0; path = 2857176_act3_real.app; sourceTree = BUILT_PRODUCTS_DIR; };
		FB2CCF802B76D6630081E9C3 /* AppDelegate.swift */ = {isa = PBXFileReference; lastKnownFileType = sourcecode.swift; path = AppDelegate.swift; sourceTree = "<group>"; };
		FB2CCF822B76D6630081E9C3 /* SceneDelegate.swift */ = {isa = PBXFileReference; lastKnownFileType = sourcecode.swift; path = SceneDelegate.swift; sourceTree = "<group>"; };
		FB2CCF842B76D6630081E9C3 /* ViewController.swift */ = {isa = PBXFileReference; lastKnownFileType = sourcecode.swift; path = ViewController.swift; sourceTree = "<group>"; };
		FB2CCF872B76D6630081E9C3 /* Base */ = {isa = PBXFileReference; lastKnownFileType = file.storyboard; name = Base; path = Base.lproj/Main.storyboard; sourceTree = "<group>"; };
		FB2CCF8A2B76D6630081E9C3 /* _857176_act3_real.xcdatamodel */ = {isa = PBXFileReference; lastKnownFileType = wrapper.xcdatamodel; path = _857176_act3_real.xcdatamodel; sourceTree = "<group>"; };
		FB2CCF8C2B76D6640081E9C3 /* Assets.xcassets */ = {isa = PBXFileReference; lastKnownFileType = folder.assetcatalog; path = Assets.xcassets; sourceTree = "<group>"; };
		FB2CCF8F2B76D6640081E9C3 /* Base */ = {isa = PBXFileReference; lastKnownFileType = file.storyboard; name = Base; path = Base.lproj/LaunchScreen.storyboard; sourceTree = "<group>"; };
		FB2CCF912B76D6640081E9C3 /* Info.plist */ = {isa = PBXFileReference; lastKnownFileType = text.plist.xml; path = Info.plist; sourceTree = "<group>"; };
		FB2CCF962B76D6650081E9C3 /* 2857176_act3_realTests.xctest */ = {isa = PBXFileReference; explicitFileType = wrapper.cfbundle; includeInIndex = 0; path = 2857176_act3_realTests.xctest; sourceTree = BUILT_PRODUCTS_DIR; };
		FB2CCF9A2B76D6650081E9C3 /* _857176_act3_realTests.swift */ = {isa = PBXFileReference; lastKnownFileType = sourcecode.swift; path = _857176_act3_realTests.swift; sourceTree = "<group>"; };
		FB2CCFA02B76D6650081E9C3 /* 2857176_act3_realUITests.xctest */ = {isa = PBXFileReference; explicitFileType = wrapper.cfbundle; includeInIndex = 0; path = 2857176_act3_realUITests.xctest; sourceTree = BUILT_PRODUCTS_DIR; };
		FB2CCFA42B76D6650081E9C3 /* _857176_act3_realUITests.swift */ = {isa = PBXFileReference; lastKnownFileType = sourcecode.swift; path = _857176_act3_realUITests.swift; sourceTree = "<group>"; };
		FB2CCFA62B76D6650081E9C3 /* _857176_act3_realUITestsLaunchTests.swift */ = {isa = PBXFileReference; lastKnownFileType = sourcecode.swift; path = _857176_act3_realUITestsLaunchTests.swift; sourceTree = "<group>"; };
/* End PBXFileReference section */

/* Begin PBXFrameworksBuildPhase section */
		FB2CCF7A2B76D6630081E9C3 /* Frameworks */ = {
			isa = PBXFrameworksBuildPhase;
			buildActionMask = 2147483647;
			files = (
			);
			runOnlyForDeploymentPostprocessing = 0;
		};
		FB2CCF932B76D6650081E9C3 /* Frameworks */ = {
			isa = PBXFrameworksBuildPhase;
			buildActionMask = 2147483647;
			files = (
			);
			runOnlyForDeploymentPostprocessing = 0;
		};
		FB2CCF9D2B76D6650081E9C3 /* Frameworks */ = {
			isa = PBXFrameworksBuildPhase;
			buildActionMask = 2147483647;
			files = (
			);
			runOnlyForDeploymentPostprocessing = 0;
		};
/* End PBXFrameworksBuildPhase section */

/* Begin PBXGroup section */
		FB2CCF742B76D6630081E9C3 = {
			isa = PBXGroup;
			children = (
				FB2CCF7F2B76D6630081E9C3 /* 2857176_act3_real */,
				FB2CCF992B76D6650081E9C3 /* 2857176_act3_realTests */,
				FB2CCFA32B76D6650081E9C3 /* 2857176_act3_realUITests */,
				FB2CCF7E2B76D6630081E9C3 /* Products */,
			);
			sourceTree = "<group>";
		};
		FB2CCF7E2B76D6630081E9C3 /* Products */ = {
			isa = PBXGroup;
			children = (
				FB2CCF7D2B76D6630081E9C3 /* 2857176_act3_real.app */,
				FB2CCF962B76D6650081E9C3 /* 2857176_act3_realTests.xctest */,
				FB2CCFA02B76D6650081E9C3 /* 2857176_act3_realUITests.xctest */,
			);
			name = Products;
			sourceTree = "<group>";
		};
		FB2CCF7F2B76D6630081E9C3 /* 2857176_act3_real */ = {
			isa = PBXGroup;
			children = (
				FB2CCF802B76D6630081E9C3 /* AppDelegate.swift */,
				FB2CCF822B76D6630081E9C3 /* SceneDelegate.swift */,
				FB2CCF842B76D6630081E9C3 /* ViewController.swift */,
				FB2CCF862B76D6630081E9C3 /* Main.storyboard */,
				FB2CCF8C2B76D6640081E9C3 /* Assets.xcassets */,
				FB2CCF8E2B76D6640081E9C3 /* LaunchScreen.storyboard */,
				FB2CCF912B76D6640081E9C3 /* Info.plist */,
				FB2CCF892B76D6630081E9C3 /* _857176_act3_real.xcdatamodeld */,
			);
			path = 2857176_act3_real;
			sourceTree = "<group>";
		};
		FB2CCF992B76D6650081E9C3 /* 2857176_act3_realTests */ = {
			isa = PBXGroup;
			children = (
				FB2CCF9A2B76D6650081E9C3 /* _857176_act3_realTests.swift */,
			);
			path = 2857176_act3_realTests;
			sourceTree = "<group>";
		};
		FB2CCFA32B76D6650081E9C3 /* 2857176_act3_realUITests */ = {
			isa = PBXGroup;
			children = (
				FB2CCFA42B76D6650081E9C3 /* _857176_act3_realUITests.swift */,
				FB2CCFA62B76D6650081E9C3 /* _857176_act3_realUITestsLaunchTests.swift */,
			);
			path = 2857176_act3_realUITests;
			sourceTree = "<group>";
		};
/* End PBXGroup section */

/* Begin PBXNativeTarget section */
		FB2CCF7C2B76D6630081E9C3 /* 2857176_act3_real */ = {
			isa = PBXNativeTarget;
			buildConfigurationList = FB2CCFAA2B76D6650081E9C3 /* Build configuration list for PBXNativeTarget "2857176_act3_real" */;
			buildPhases = (
				FB2CCF792B76D6630081E9C3 /* Sources */,
				FB2CCF7A2B76D6630081E9C3 /* Frameworks */,
				FB2CCF7B2B76D6630081E9C3 /* Resources */,
			);
			buildRules = (
			);
			dependencies = (
			);
			name = 2857176_act3_real;
			productName = 2857176_act3_real;
			productReference = FB2CCF7D2B76D6630081E9C3 /* 2857176_act3_real.app */;
			productType = "com.apple.product-type.application";
		};
		FB2CCF952B76D6650081E9C3 /* 2857176_act3_realTests */ = {
			isa = PBXNativeTarget;
			buildConfigurationList = FB2CCFAD2B76D6650081E9C3 /* Build configuration list for PBXNativeTarget "2857176_act3_realTests" */;
			buildPhases = (
				FB2CCF922B76D6650081E9C3 /* Sources */,
				FB2CCF932B76D6650081E9C3 /* Frameworks */,
				FB2CCF942B76D6650081E9C3 /* Resources */,
			);
			buildRules = (
			);
			dependencies = (
				FB2CCF982B76D6650081E9C3 /* PBXTargetDependency */,
			);
			name = 2857176_act3_realTests;
			productName = 2857176_act3_realTests;
			productReference = FB2CCF962B76D6650081E9C3 /* 2857176_act3_realTests.xctest */;
			productType = "com.apple.product-type.bundle.unit-test";
		};
		FB2CCF9F2B76D6650081E9C3 /* 2857176_act3_realUITests */ = {
			isa = PBXNativeTarget;
			buildConfigurationList = FB2CCFB02B76D6650081E9C3 /* Build configuration list for PBXNativeTarget "2857176_act3_realUITests" */;
			buildPhases = (
				FB2CCF9C2B76D6650081E9C3 /* Sources */,
				FB2CCF9D2B76D6650081E9C3 /* Frameworks */,
				FB2CCF9E2B76D6650081E9C3 /* Resources */,
			);
			buildRules = (
			);
			dependencies = (
				FB2CCFA22B76D6650081E9C3 /* PBXTargetDependency */,
			);
			name = 2857176_act3_realUITests;
			productName = 2857176_act3_realUITests;
			productReference = FB2CCFA02B76D6650081E9C3 /* 2857176_act3_realUITests.xctest */;
			productType = "com.apple.product-type.bundle.ui-testing";
		};
/* End PBXNativeTarget section */

/* Begin PBXProject section */
		FB2CCF752B76D6630081E9C3 /* Project object */ = {
			isa = PBXProject;
			attributes = {
				BuildIndependentTargetsInParallel = 1;
				LastSwiftUpdateCheck = 1430;
				LastUpgradeCheck = 1430;
				TargetAttributes = {
					FB2CCF7C2B76D6630081E9C3 = {
						CreatedOnToolsVersion = 14.3.1;
					};
					FB2CCF952B76D6650081E9C3 = {
						CreatedOnToolsVersion = 14.3.1;
						TestTargetID = FB2CCF7C2B76D6630081E9C3;
					};
					FB2CCF9F2B76D6650081E9C3 = {
						CreatedOnToolsVersion = 14.3.1;
						TestTargetID = FB2CCF7C2B76D6630081E9C3;
					};
				};
			};
			buildConfigurationList = FB2CCF782B76D6630081E9C3 /* Build configuration list for PBXProject "2857176_act3_real" */;
			compatibilityVersion = "Xcode 14.0";
			developmentRegion = en;
			hasScannedForEncodings = 0;
			knownRegions = (
				en,
				Base,
			);
			mainGroup = FB2CCF742B76D6630081E9C3;
			productRefGroup = FB2CCF7E2B76D6630081E9C3 /* Products */;
			projectDirPath = "";
			projectRoot = "";
			targets = (
				FB2CCF7C2B76D6630081E9C3 /* 2857176_act3_real */,
				FB2CCF952B76D6650081E9C3 /* 2857176_act3_realTests */,
				FB2CCF9F2B76D6650081E9C3 /* 2857176_act3_realUITests */,
			);
		};
/* End PBXProject section */

/* Begin PBXResourcesBuildPhase section */
		FB2CCF7B2B76D6630081E9C3 /* Resources */ = {
			isa = PBXResourcesBuildPhase;
			buildActionMask = 2147483647;
			files = (
				FB2CCF902B76D6640081E9C3 /* LaunchScreen.storyboard in Resources */,
				FB2CCF8D2B76D6640081E9C3 /* Assets.xcassets in Resources */,
				FB2CCF882B76D6630081E9C3 /* Main.storyboard in Resources */,
			);
			runOnlyForDeploymentPostprocessing = 0;
		};
		FB2CCF942B76D6650081E9C3 /* Resources */ = {
			isa = PBXResourcesBuildPhase;
			buildActionMask = 2147483647;
			files = (
			);
			runOnlyForDeploymentPostprocessing = 0;
		};
		FB2CCF9E2B76D6650081E9C3 /* Resources */ = {
			isa = PBXResourcesBuildPhase;
			buildActionMask = 2147483647;
			files = (
			);
			runOnlyForDeploymentPostprocessing = 0;
		};
/* End PBXResourcesBuildPhase section */

/* Begin PBXSourcesBuildPhase section */
		FB2CCF792B76D6630081E9C3 /* Sources */ = {
			isa = PBXSourcesBuildPhase;
			buildActionMask = 2147483647;
			files = (
				FB2CCF8B2B76D6630081E9C3 /* _857176_act3_real.xcdatamodeld in Sources */,
				FB2CCF852B76D6630081E9C3 /* ViewController.swift in Sources */,
				FB2CCF812B76D6630081E9C3 /* AppDelegate.swift in Sources */,
				FB2CCF832B76D6630081E9C3 /* SceneDelegate.swift in Sources */,
			);
			runOnlyForDeploymentPostprocessing = 0;
		};
		FB2CCF922B76D6650081E9C3 /* Sources */ = {
			isa = PBXSourcesBuildPhase;
			buildActionMask = 2147483647;
			files = (
				FB2CCF9B2B76D6650081E9C3 /* _857176_act3_realTests.swift in Sources */,
			);
			runOnlyForDeploymentPostprocessing = 0;
		};
		FB2CCF9C2B76D6650081E9C3 /* Sources */ = {
			isa = PBXSourcesBuildPhase;
			buildActionMask = 2147483647;
			files = (
				FB2CCFA52B76D6650081E9C3 /* _857176_act3_realUITests.swift in Sources */,
				FB2CCFA72B76D6650081E9C3 /* _857176_act3_realUITestsLaunchTests.swift in Sources */,
			);
			runOnlyForDeploymentPostprocessing = 0;
		};
/* End PBXSourcesBuildPhase section */

/* Begin PBXTargetDependency section */
		FB2CCF982B76D6650081E9C3 /* PBXTargetDependency */ = {
			isa = PBXTargetDependency;
			target = FB2CCF7C2B76D6630081E9C3 /* 2857176_act3_real */;
			targetProxy = FB2CCF972B76D6650081E9C3 /* PBXContainerItemProxy */;
		};
		FB2CCFA22B76D6650081E9C3 /* PBXTargetDependency */ = {
			isa = PBXTargetDependency;
			target = FB2CCF7C2B76D6630081E9C3 /* 2857176_act3_real */;
			targetProxy = FB2CCFA12B76D6650081E9C3 /* PBXContainerItemProxy */;
		};
/* End PBXTargetDependency section */

/* Begin PBXVariantGroup section */
		FB2CCF862B76D6630081E9C3 /* Main.storyboard */ = {
			isa = PBXVariantGroup;
			children = (
				FB2CCF872B76D6630081E9C3 /* Base */,
			);
			name = Main.storyboard;
			sourceTree = "<group>";
		};
		FB2CCF8E2B76D6640081E9C3 /* LaunchScreen.storyboard */ = {
			isa = PBXVariantGroup;
			children = (
				FB2CCF8F2B76D6640081E9C3 /* Base */,
			);
			name = LaunchScreen.storyboard;
			sourceTree = "<group>";
		};
/* End PBXVariantGroup section */

/* Begin XCBuildConfiguration section */
		FB2CCFA82B76D6650081E9C3 /* Debug */ = {
			isa = XCBuildConfiguration;
			buildSettings = {
				ALWAYS_SEARCH_USER_PATHS = NO;
				CLANG_ANALYZER_NONNULL = YES;
				CLANG_ANALYZER_NUMBER_OBJECT_CONVERSION = YES_AGGRESSIVE;
				CLANG_CXX_LANGUAGE_STANDARD = "gnu++20";
				CLANG_ENABLE_MODULES = YES;
				CLANG_ENABLE_OBJC_ARC = YES;
				CLANG_ENABLE_OBJC_WEAK = YES;
				CLANG_WARN_BLOCK_CAPTURE_AUTORELEASING = YES;
				CLANG_WARN_BOOL_CONVERSION = YES;
				CLANG_WARN_COMMA = YES;
				CLANG_WARN_CONSTANT_CONVERSION = YES;
				CLANG_WARN_DEPRECATED_OBJC_IMPLEMENTATIONS = YES;
				CLANG_WARN_DIRECT_OBJC_ISA_USAGE = YES_ERROR;
				CLANG_WARN_DOCUMENTATION_COMMENTS = YES;
				CLANG_WARN_EMPTY_BODY = YES;
				CLANG_WARN_ENUM_CONVERSION = YES;
				CLANG_WARN_INFINITE_RECURSION = YES;
				CLANG_WARN_INT_CONVERSION = YES;
				CLANG_WARN_NON_LITERAL_NULL_CONVERSION = YES;
				CLANG_WARN_OBJC_IMPLICIT_RETAIN_SELF = YES;
				CLANG_WARN_OBJC_LITERAL_CONVERSION = YES;
				CLANG_WARN_OBJC_ROOT_CLASS = YES_ERROR;
				CLANG_WARN_QUOTED_INCLUDE_IN_FRAMEWORK_HEADER = YES;
				CLANG_WARN_RANGE_LOOP_ANALYSIS = YES;
				CLANG_WARN_STRICT_PROTOTYPES = YES;
				CLANG_WARN_SUSPICIOUS_MOVE = YES;
				CLANG_WARN_UNGUARDED_AVAILABILITY = YES_AGGRESSIVE;
				CLANG_WARN_UNREACHABLE_CODE = YES;
				CLANG_WARN__DUPLICATE_METHOD_MATCH = YES;
				COPY_PHASE_STRIP = NO;
				DEBUG_INFORMATION_FORMAT = dwarf;
				ENABLE_STRICT_OBJC_MSGSEND = YES;
				ENABLE_TESTABILITY = YES;
				GCC_C_LANGUAGE_STANDARD = gnu11;
				GCC_DYNAMIC_NO_PIC = NO;
				GCC_NO_COMMON_BLOCKS = YES;
				GCC_OPTIMIZATION_LEVEL = 0;
				GCC_PREPROCESSOR_DEFINITIONS = (
					"DEBUG=1",
					"$(inherited)",
				);
				GCC_WARN_64_TO_32_BIT_CONVERSION = YES;
				GCC_WARN_ABOUT_RETURN_TYPE = YES_ERROR;
				GCC_WARN_UNDECLARED_SELECTOR = YES;
				GCC_WARN_UNINITIALIZED_AUTOS = YES_AGGRESSIVE;
				GCC_WARN_UNUSED_FUNCTION = YES;
				GCC_WARN_UNUSED_VARIABLE = YES;
				IPHONEOS_DEPLOYMENT_TARGET = 16.4;
				MTL_ENABLE_DEBUG_INFO = INCLUDE_SOURCE;
				MTL_FAST_MATH = YES;
				ONLY_ACTIVE_ARCH = YES;
				SDKROOT = iphoneos;
				SWIFT_ACTIVE_COMPILATION_CONDITIONS = DEBUG;
				SWIFT_OPTIMIZATION_LEVEL = "-Onone";
			};
			name = Debug;
		};
		FB2CCFA92B76D6650081E9C3 /* Release */ = {
			isa = XCBuildConfiguration;
			buildSettings = {
				ALWAYS_SEARCH_USER_PATHS = NO;
				CLANG_ANALYZER_NONNULL = YES;
				CLANG_ANALYZER_NUMBER_OBJECT_CONVERSION = YES_AGGRESSIVE;
				CLANG_CXX_LANGUAGE_STANDARD = "gnu++20";
				CLANG_ENABLE_MODULES = YES;
				CLANG_ENABLE_OBJC_ARC = YES;
				CLANG_ENABLE_OBJC_WEAK = YES;
				CLANG_WARN_BLOCK_CAPTURE_AUTORELEASING = YES;
				CLANG_WARN_BOOL_CONVERSION = YES;
				CLANG_WARN_COMMA = YES;
				CLANG_WARN_CONSTANT_CONVERSION = YES;
				CLANG_WARN_DEPRECATED_OBJC_IMPLEMENTATIONS = YES;
				CLANG_WARN_DIRECT_OBJC_ISA_USAGE = YES_ERROR;
				CLANG_WARN_DOCUMENTATION_COMMENTS = YES;
				CLANG_WARN_EMPTY_BODY = YES;
				CLANG_WARN_ENUM_CONVERSION = YES;
				CLANG_WARN_INFINITE_RECURSION = YES;
				CLANG_WARN_INT_CONVERSION = YES;
				CLANG_WARN_NON_LITERAL_NULL_CONVERSION = YES;
				CLANG_WARN_OBJC_IMPLICIT_RETAIN_SELF = YES;
				CLANG_WARN_OBJC_LITERAL_CONVERSION = YES;
				CLANG_WARN_OBJC_ROOT_CLASS = YES_ERROR;
				CLANG_WARN_QUOTED_INCLUDE_IN_FRAMEWORK_HEADER = YES;
				CLANG_WARN_RANGE_LOOP_ANALYSIS = YES;
				CLANG_WARN_STRICT_PROTOTYPES = YES;
				CLANG_WARN_SUSPICIOUS_MOVE = YES;
				CLANG_WARN_UNGUARDED_AVAILABILITY = YES_AGGRESSIVE;
				CLANG_WARN_UNREACHABLE_CODE = YES;
				CLANG_WARN__DUPLICATE_METHOD_MATCH = YES;
				COPY_PHASE_STRIP = NO;
				DEBUG_INFORMATION_FORMAT = "dwarf-with-dsym";
				ENABLE_NS_ASSERTIONS = NO;
				ENABLE_STRICT_OBJC_MSGSEND = YES;
				GCC_C_LANGUAGE_STANDARD = gnu11;
				GCC_NO_COMMON_BLOCKS = YES;
				GCC_WARN_64_TO_32_BIT_CONVERSION = YES;
				GCC_WARN_ABOUT_RETURN_TYPE = YES_ERROR;
				GCC_WARN_UNDECLARED_SELECTOR = YES;
				GCC_WARN_UNINITIALIZED_AUTOS = YES_AGGRESSIVE;
				GCC_WARN_UNUSED_FUNCTION = YES;
				GCC_WARN_UNUSED_VARIABLE = YES;
				IPHONEOS_DEPLOYMENT_TARGET = 16.4;
				MTL_ENABLE_DEBUG_INFO = NO;
				MTL_FAST_MATH = YES;
				SDKROOT = iphoneos;
				SWIFT_COMPILATION_MODE = wholemodule;
				SWIFT_OPTIMIZATION_LEVEL = "-O";
				VALIDATE_PRODUCT = YES;
			};
			name = Release;
		};
		FB2CCFAB2B76D6650081E9C3 /* Debug */ = {
			isa = XCBuildConfiguration;
			buildSettings = {
				ASSETCATALOG_COMPILER_APPICON_NAME = AppIcon;
				ASSETCATALOG_COMPILER_GLOBAL_ACCENT_COLOR_NAME = AccentColor;
				CODE_SIGN_STYLE = Automatic;
				CURRENT_PROJECT_VERSION = 1;
				GENERATE_INFOPLIST_FILE = YES;
				INFOPLIST_FILE = 2857176_act3_real/Info.plist;
				INFOPLIST_KEY_UIApplicationSupportsIndirectInputEvents = YES;
				INFOPLIST_KEY_UILaunchStoryboardName = LaunchScreen;
				INFOPLIST_KEY_UIMainStoryboardFile = Main;
				INFOPLIST_KEY_UISupportedInterfaceOrientations_iPad = "UIInterfaceOrientationPortrait UIInterfaceOrientationPortraitUpsideDown UIInterfaceOrientationLandscapeLeft UIInterfaceOrientationLandscapeRight";
				INFOPLIST_KEY_UISupportedInterfaceOrientations_iPhone = "UIInterfaceOrientationPortrait UIInterfaceOrientationLandscapeLeft UIInterfaceOrientationLandscapeRight";
				LD_RUNPATH_SEARCH_PATHS = (
					"$(inherited)",
					"@executable_path/Frameworks",
				);
				MARKETING_VERSION = 1.0;
				PRODUCT_BUNDLE_IDENTIFIER = "glory.-857176-act3-real";
				PRODUCT_NAME = "$(TARGET_NAME)";
				SWIFT_EMIT_LOC_STRINGS = YES;
				SWIFT_VERSION = 5.0;
				TARGETED_DEVICE_FAMILY = "1,2";
			};
			name = Debug;
		};
		FB2CCFAC2B76D6650081E9C3 /* Release */ = {
			isa = XCBuildConfiguration;
			buildSettings = {
				ASSETCATALOG_COMPILER_APPICON_NAME = AppIcon;
				ASSETCATALOG_COMPILER_GLOBAL_ACCENT_COLOR_NAME = AccentColor;
				CODE_SIGN_STYLE = Automatic;
				CURRENT_PROJECT_VERSION = 1;
				GENERATE_INFOPLIST_FILE = YES;
				INFOPLIST_FILE = 2857176_act3_real/Info.plist;
				INFOPLIST_KEY_UIApplicationSupportsIndirectInputEvents = YES;
				INFOPLIST_KEY_UILaunchStoryboardName = LaunchScreen;
				INFOPLIST_KEY_UIMainStoryboardFile = Main;
				INFOPLIST_KEY_UISupportedInterfaceOrientations_iPad = "UIInterfaceOrientationPortrait UIInterfaceOrientationPortraitUpsideDown UIInterfaceOrientationLandscapeLeft UIInterfaceOrientationLandscapeRight";
				INFOPLIST_KEY_UISupportedInterfaceOrientations_iPhone = "UIInterfaceOrientationPortrait UIInterfaceOrientationLandscapeLeft UIInterfaceOrientationLandscapeRight";
				LD_RUNPATH_SEARCH_PATHS = (
					"$(inherited)",
					"@executable_path/Frameworks",
				);
				MARKETING_VERSION = 1.0;
				PRODUCT_BUNDLE_IDENTIFIER = "glory.-857176-act3-real";
				PRODUCT_NAME = "$(TARGET_NAME)";
				SWIFT_EMIT_LOC_STRINGS = YES;
				SWIFT_VERSION = 5.0;
				TARGETED_DEVICE_FAMILY = "1,2";
			};
			name = Release;
		};
		FB2CCFAE2B76D6650081E9C3 /* Debug */ = {
			isa = XCBuildConfiguration;
			buildSettings = {
				ALWAYS_EMBED_SWIFT_STANDARD_LIBRARIES = YES;
				BUNDLE_LOADER = "$(TEST_HOST)";
				CODE_SIGN_STYLE = Automatic;
				CURRENT_PROJECT_VERSION = 1;
				GENERATE_INFOPLIST_FILE = YES;
				IPHONEOS_DEPLOYMENT_TARGET = 16.4;
				MARKETING_VERSION = 1.0;
				PRODUCT_BUNDLE_IDENTIFIER = "glory.-857176-act3-realTests";
				PRODUCT_NAME = "$(TARGET_NAME)";
				SWIFT_EMIT_LOC_STRINGS = NO;
				SWIFT_VERSION = 5.0;
				TARGETED_DEVICE_FAMILY = "1,2";
				TEST_HOST = "$(BUILT_PRODUCTS_DIR)/2857176_act3_real.app/$(BUNDLE_EXECUTABLE_FOLDER_PATH)/2857176_act3_real";
			};
			name = Debug;
		};
		FB2CCFAF2B76D6650081E9C3 /* Release */ = {
			isa = XCBuildConfiguration;
			buildSettings = {
				ALWAYS_EMBED_SWIFT_STANDARD_LIBRARIES = YES;
				BUNDLE_LOADER = "$(TEST_HOST)";
				CODE_SIGN_STYLE = Automatic;
				CURRENT_PROJECT_VERSION = 1;
				GENERATE_INFOPLIST_FILE = YES;
				IPHONEOS_DEPLOYMENT_TARGET = 16.4;
				MARKETING_VERSION = 1.0;
				PRODUCT_BUNDLE_IDENTIFIER = "glory.-857176-act3-realTests";
				PRODUCT_NAME = "$(TARGET_NAME)";
				SWIFT_EMIT_LOC_STRINGS = NO;
				SWIFT_VERSION = 5.0;
				TARGETED_DEVICE_FAMILY = "1,2";
				TEST_HOST = "$(BUILT_PRODUCTS_DIR)/2857176_act3_real.app/$(BUNDLE_EXECUTABLE_FOLDER_PATH)/2857176_act3_real";
			};
			name = Release;
		};
		FB2CCFB12B76D6650081E9C3 /* Debug */ = {
			isa = XCBuildConfiguration;
			buildSettings = {
				ALWAYS_EMBED_SWIFT_STANDARD_LIBRARIES = YES;
				CODE_SIGN_STYLE = Automatic;
				CURRENT_PROJECT_VERSION = 1;
				GENERATE_INFOPLIST_FILE = YES;
				MARKETING_VERSION = 1.0;
				PRODUCT_BUNDLE_IDENTIFIER = "glory.-857176-act3-realUITests";
				PRODUCT_NAME = "$(TARGET_NAME)";
				SWIFT_EMIT_LOC_STRINGS = NO;
				SWIFT_VERSION = 5.0;
				TARGETED_DEVICE_FAMILY = "1,2";
				TEST_TARGET_NAME = 2857176_act3_real;
			};
			name = Debug;
		};
		FB2CCFB22B76D6650081E9C3 /* Release */ = {
			isa = XCBuildConfiguration;
			buildSettings = {
				ALWAYS_EMBED_SWIFT_STANDARD_LIBRARIES = YES;
				CODE_SIGN_STYLE = Automatic;
				CURRENT_PROJECT_VERSION = 1;
				GENERATE_INFOPLIST_FILE = YES;
				MARKETING_VERSION = 1.0;
				PRODUCT_BUNDLE_IDENTIFIER = "glory.-857176-act3-realUITests";
				PRODUCT_NAME = "$(TARGET_NAME)";
				SWIFT_EMIT_LOC_STRINGS = NO;
				SWIFT_VERSION = 5.0;
				TARGETED_DEVICE_FAMILY = "1,2";
				TEST_TARGET_NAME = 2857176_act3_real;
			};
			name = Release;
		};
/* End XCBuildConfiguration section */

/* Begin XCConfigurationList section */
		FB2CCF782B76D6630081E9C3 /* Build configuration list for PBXProject "2857176_act3_real" */ = {
			isa = XCConfigurationList;
			buildConfigurations = (
				FB2CCFA82B76D6650081E9C3 /* Debug */,
				FB2CCFA92B76D6650081E9C3 /* Release */,
			);
			defaultConfigurationIsVisible = 0;
			defaultConfigurationName = Release;
		};
		FB2CCFAA2B76D6650081E9C3 /* Build configuration list for PBXNativeTarget "2857176_act3_real" */ = {
			isa = XCConfigurationList;
			buildConfigurations = (
				FB2CCFAB2B76D6650081E9C3 /* Debug */,
				FB2CCFAC2B76D6650081E9C3 /* Release */,
			);
			defaultConfigurationIsVisible = 0;
			defaultConfigurationName = Release;
		};
		FB2CCFAD2B76D6650081E9C3 /* Build configuration list for PBXNativeTarget "2857176_act3_realTests" */ = {
			isa = XCConfigurationList;
			buildConfigurations = (
				FB2CCFAE2B76D6650081E9C3 /* Debug */,
				FB2CCFAF2B76D6650081E9C3 /* Release */,
			);
			defaultConfigurationIsVisible = 0;
			defaultConfigurationName = Release;
		};
		FB2CCFB02B76D6650081E9C3 /* Build configuration list for PBXNativeTarget "2857176_act3_realUITests" */ = {
			isa = XCConfigurationList;
			buildConfigurations = (
				FB2CCFB12B76D6650081E9C3 /* Debug */,
				FB2CCFB22B76D6650081E9C3 /* Release */,
			);
			defaultConfigurationIsVisible = 0;
			defaultConfigurationName = Release;
		};
/* End XCConfigurationList section */

/* Begin XCVersionGroup section */
		FB2CCF892B76D6630081E9C3 /* _857176_act3_real.xcdatamodeld */ = {
			isa = XCVersionGroup;
			children = (
				FB2CCF8A2B76D6630081E9C3 /* _857176_act3_real.xcdatamodel */,
			);
			currentVersion = FB2CCF8A2B76D6630081E9C3 /* _857176_act3_real.xcdatamodel */;
			path = _857176_act3_real.xcdatamodeld;
			sourceTree = "<group>";
			versionGroupType = wrapper.xcdatamodel;
		};
/* End XCVersionGroup section */
	};
	rootObject = FB2CCF752B76D6630081E9C3 /* Project object */;
}
